
Microsoft Visual Studio Solution File, Format Version 12.00
# Visual Studio 15
VisualStudioVersion = 15.0.28010.2050
MinimumVisualStudioVersion = 10.0.40219.1
Project("{FAE04EC0-301F-11D3-BF4B-00C04F79EFBC}") = "ShopCart", "ShopCart\ShopCart.csproj", "{020D804A-6EBA-4A3C-8870-402600A5508C}"
EndProject
Global
	GlobalSection(SolutionConfigurationPlatforms) = preSolution
		Debug|Any CPU = Debug|Any CPU
		Release|Any CPU = Release|Any CPU
	EndGlobalSection
	GlobalSection(ProjectConfigurationPlatforms) = postSolution
		{020D804A-6EBA-4A3C-8870-402600A5508C}.Debug|Any CPU.ActiveCfg = Debug|Any CPU
		{020D804A-6EBA-4A3C-8870-402600A5508C}.Debug|Any CPU.Build.0 = Debug|Any CPU
		{020D804A-6EBA-4A3C-8870-402600A5508C}.Release|Any CPU.ActiveCfg = Release|Any CPU
		{020D804A-6EBA-4A3C-8870-402600A5508C}.Release|Any CPU.Build.0 = Release|Any CPU
	EndGlobalSection
	GlobalSection(SolutionProperties) = preSolution
		HideSolutionNode = FALSE
	EndGlobalSection
	GlobalSection(ExtensibilityGlobals) = postSolution
		SolutionGuid = {45937549-DB28-4E11-A9E6-CAC0C620C79A}
	EndGlobalSection
EndGlobal
